# THIS IS AN AUTOGENERATED FILE. DO NOT EDIT THIS FILE DIRECTLY.
# yarn lockfile v1


"@playwright/test@^1.49.0":
  version "1.49.0"
  resolved "https://registry.yarnpkg.com/@playwright/test/-/test-1.49.0.tgz#74227385b58317ee076b86b56d0e1e1b25cff01e"
  integrity sha512-DMulbwQURa8rNIQrf94+jPJQ4FmOVdpE5ZppRNvWVjvhC+6sOeo28r8MgIpQRYouXRtt/FCCXU7zn20jnHR4Qw==
  dependencies:
    playwright "1.49.0"

fsevents@2.3.2:
  version "2.3.2"
  resolved "https://registry.yarnpkg.com/fsevents/-/fsevents-2.3.2.tgz#8a526f78b8fdf4623b709e0b975c52c24c02fd1a"
  integrity sha512-xiqMQR4xAeHTuB9uWm+fFRcIOgKBMiOBP+eXiyT7jsgVCq1bkVygt00oASowB7EdtpOHaaPgKt812P9ab+DDKA==

playwright-core@1.49.0:
  version "1.49.0"
  resolved "https://registry.yarnpkg.com/playwright-core/-/playwright-core-1.49.0.tgz#8e69ffed3f41855b854982f3632f2922c890afcb"
  integrity sha512-R+3KKTQF3npy5GTiKH/T+kdhoJfJojjHESR1YEWhYuEKRVfVaxH3+4+GvXE5xyCngCxhxnykk0Vlah9v8fs3jA==

playwright@1.49.0:
  version "1.49.0"
  resolved "https://registry.yarnpkg.com/playwright/-/playwright-1.49.0.tgz#df6b9e05423377a99658202844a294a8afb95d0a"
  integrity sha512-eKpmys0UFDnfNb3vfsf8Vx2LEOtflgRebl0Im2eQQnYMA4Aqd+Zw8bEOB+7ZKvN76901mRnqdsiOGKxzVTbi7A==
  dependencies:
    playwright-core "1.49.0"
  optionalDependencies:
    fsevents "2.3.2"

typescript@^5.7.2:
  version "5.7.2"
  resolved "https://registry.yarnpkg.com/typescript/-/typescript-5.7.2.tgz#3169cf8c4c8a828cde53ba9ecb3d2b1d5dd67be6"
  integrity sha512-i5t66RHxDvVN40HfDd1PsEThGNnlMCMT3jMUuoh9/0TaqWevNontacunWyN02LA9/fIbEWlcHZcgTKb9QoaLfg==

yarn@^1.22.22:
  version "1.22.22"
  resolved "https://registry.yarnpkg.com/yarn/-/yarn-1.22.22.tgz#ac34549e6aa8e7ead463a7407e1c7390f61a6610"
  integrity sha512-prL3kGtyG7o9Z9Sv8IPfBNrWTDmXB4Qbes8A9rEzt6wkJV8mUvoirjU0Mp3GGAU06Y0XQyA3/2/RQFVuK7MTfg==
